// !$*UTF8*$!
{
	archiveVersion = 1;
	classes = {
	};
	objectVersion = 54;
	objects = {

/* Begin PBXBuildFile section */
		1BEDBE782B00CA0F001B90FB /* drafts.swift in Sources */ = {isa = PBXBuildFile; fileRef = 1BEDBE772B00CA0F001B90FB /* drafts.swift */; };
		2E07F6082AF1CFFD00395214 /* Alamofire in Frameworks */ = {isa = PBXBuildFile; productRef = 2E07F6072AF1CFFD00395214 /* Alamofire */; };
		2E07F60B2AF1D01E00395214 /* SnapKit in Frameworks */ = {isa = PBXBuildFile; productRef = 2E07F60A2AF1D01E00395214 /* SnapKit */; };
		2E07F60D2AF1D01E00395214 /* SnapKit-Dynamic in Frameworks */ = {isa = PBXBuildFile; productRef = 2E07F60C2AF1D01E00395214 /* SnapKit-Dynamic */; };
		2E07F6102AF1D03B00395214 /* SDWebImage in Frameworks */ = {isa = PBXBuildFile; productRef = 2E07F60F2AF1D03B00395214 /* SDWebImage */; };
		2E07F6122AF1D03B00395214 /* SDWebImageMapKit in Frameworks */ = {isa = PBXBuildFile; productRef = 2E07F6112AF1D03B00395214 /* SDWebImageMapKit */; };
		ED93BEDB2B1AEC5400FE9929 /* Network Manager.swift in Sources */ = {isa = PBXBuildFile; fileRef = ED93BEC92B1AEC5400FE9929 /* Network Manager.swift */; };
		ED93BEDC2B1AEC5400FE9929 /* Assets.xcassets in Resources */ = {isa = PBXBuildFile; fileRef = ED93BECA2B1AEC5400FE9929 /* Assets.xcassets */; };
		ED93BEDD2B1AEC5400FE9929 /* ViewController2.swift in Sources */ = {isa = PBXBuildFile; fileRef = ED93BECC2B1AEC5400FE9929 /* ViewController2.swift */; };
		ED93BEDE2B1AEC5400FE9929 /* ViewController.swift in Sources */ = {isa = PBXBuildFile; fileRef = ED93BECD2B1AEC5400FE9929 /* ViewController.swift */; };
		ED93BEDF2B1AEC5400FE9929 /* Movie.swift in Sources */ = {isa = PBXBuildFile; fileRef = ED93BECF2B1AEC5400FE9929 /* Movie.swift */; };
		ED93BEE02B1AEC5400FE9929 /* LaunchScreen.storyboard in Resources */ = {isa = PBXBuildFile; fileRef = ED93BED02B1AEC5400FE9929 /* LaunchScreen.storyboard */; };
		ED93BEE12B1AEC5400FE9929 /* UIFont+Extension.swift in Sources */ = {isa = PBXBuildFile; fileRef = ED93BED32B1AEC5400FE9929 /* UIFont+Extension.swift */; };
		ED93BEE22B1AEC5400FE9929 /* UIColor+Extension.swift in Sources */ = {isa = PBXBuildFile; fileRef = ED93BED42B1AEC5400FE9929 /* UIColor+Extension.swift */; };
		ED93BEE32B1AEC5400FE9929 /* AppDelegate.swift in Sources */ = {isa = PBXBuildFile; fileRef = ED93BED52B1AEC5400FE9929 /* AppDelegate.swift */; };
		ED93BEE42B1AEC5400FE9929 /* FilterCollectionViewCell.swift in Sources */ = {isa = PBXBuildFile; fileRef = ED93BED72B1AEC5400FE9929 /* FilterCollectionViewCell.swift */; };
		ED93BEE52B1AEC5400FE9929 /* UICollectionViewCell.swift in Sources */ = {isa = PBXBuildFile; fileRef = ED93BED82B1AEC5400FE9929 /* UICollectionViewCell.swift */; };
		ED93BEE62B1AEC5400FE9929 /* Info.plist in Resources */ = {isa = PBXBuildFile; fileRef = ED93BED92B1AEC5400FE9929 /* Info.plist */; };
		ED93BEE72B1AEC5400FE9929 /* SceneDelegate.swift in Sources */ = {isa = PBXBuildFile; fileRef = ED93BEDA2B1AEC5400FE9929 /* SceneDelegate.swift */; };
/* End PBXBuildFile section */

/* Begin PBXFileReference section */
		1BEDBE772B00CA0F001B90FB /* drafts.swift */ = {isa = PBXFileReference; lastKnownFileType = sourcecode.swift; path = drafts.swift; sourceTree = "<group>"; };
		2ED700542AF1CF5600B7C687 /* A4.app */ = {isa = PBXFileReference; explicitFileType = wrapper.application; includeInIndex = 0; path = A4.app; sourceTree = BUILT_PRODUCTS_DIR; };
		ED93BEC92B1AEC5400FE9929 /* Network Manager.swift */ = {isa = PBXFileReference; fileEncoding = 4; lastKnownFileType = sourcecode.swift; path = "Network Manager.swift"; sourceTree = "<group>"; };
		ED93BECA2B1AEC5400FE9929 /* Assets.xcassets */ = {isa = PBXFileReference; lastKnownFileType = folder.assetcatalog; path = Assets.xcassets; sourceTree = "<group>"; };
		ED93BECC2B1AEC5400FE9929 /* ViewController2.swift */ = {isa = PBXFileReference; fileEncoding = 4; lastKnownFileType = sourcecode.swift; path = ViewController2.swift; sourceTree = "<group>"; };
		ED93BECD2B1AEC5400FE9929 /* ViewController.swift */ = {isa = PBXFileReference; fileEncoding = 4; lastKnownFileType = sourcecode.swift; path = ViewController.swift; sourceTree = "<group>"; };
		ED93BECF2B1AEC5400FE9929 /* Movie.swift */ = {isa = PBXFileReference; fileEncoding = 4; lastKnownFileType = sourcecode.swift; path = Movie.swift; sourceTree = "<group>"; };
		ED93BED12B1AEC5400FE9929 /* Base */ = {isa = PBXFileReference; lastKnownFileType = file.storyboard; name = Base; path = Base.lproj/LaunchScreen.storyboard; sourceTree = "<group>"; };
		ED93BED32B1AEC5400FE9929 /* UIFont+Extension.swift */ = {isa = PBXFileReference; fileEncoding = 4; lastKnownFileType = sourcecode.swift; path = "UIFont+Extension.swift"; sourceTree = "<group>"; };
		ED93BED42B1AEC5400FE9929 /* UIColor+Extension.swift */ = {isa = PBXFileReference; fileEncoding = 4; lastKnownFileType = sourcecode.swift; path = "UIColor+Extension.swift"; sourceTree = "<group>"; };
		ED93BED52B1AEC5400FE9929 /* AppDelegate.swift */ = {isa = PBXFileReference; fileEncoding = 4; lastKnownFileType = sourcecode.swift; path = AppDelegate.swift; sourceTree = "<group>"; };
		ED93BED72B1AEC5400FE9929 /* FilterCollectionViewCell.swift */ = {isa = PBXFileReference; fileEncoding = 4; lastKnownFileType = sourcecode.swift; path = FilterCollectionViewCell.swift; sourceTree = "<group>"; };
		ED93BED82B1AEC5400FE9929 /* UICollectionViewCell.swift */ = {isa = PBXFileReference; fileEncoding = 4; lastKnownFileType = sourcecode.swift; path = UICollectionViewCell.swift; sourceTree = "<group>"; };
		ED93BED92B1AEC5400FE9929 /* Info.plist */ = {isa = PBXFileReference; fileEncoding = 4; lastKnownFileType = text.plist.xml; path = Info.plist; sourceTree = "<group>"; };
		ED93BEDA2B1AEC5400FE9929 /* SceneDelegate.swift */ = {isa = PBXFileReference; fileEncoding = 4; lastKnownFileType = sourcecode.swift; path = SceneDelegate.swift; sourceTree = "<group>"; };
/* End PBXFileReference section */

/* Begin PBXFrameworksBuildPhase section */
		2ED700512AF1CF5600B7C687 /* Frameworks */ = {
			isa = PBXFrameworksBuildPhase;
			buildActionMask = 2147483647;
			files = (
				2E07F6082AF1CFFD00395214 /* Alamofire in Frameworks */,
				2E07F6122AF1D03B00395214 /* SDWebImageMapKit in Frameworks */,
				2E07F60B2AF1D01E00395214 /* SnapKit in Frameworks */,
				2E07F6102AF1D03B00395214 /* SDWebImage in Frameworks */,
				2E07F60D2AF1D01E00395214 /* SnapKit-Dynamic in Frameworks */,
			);
			runOnlyForDeploymentPostprocessing = 0;
		};
/* End PBXFrameworksBuildPhase section */

/* Begin PBXGroup section */
		2ED7004B2AF1CF5600B7C687 = {
			isa = PBXGroup;
			children = (
				1BEDBE772B00CA0F001B90FB /* drafts.swift */,
				ED93BEC72B1AEC5400FE9929 /* MovieOS */,
				2ED700552AF1CF5600B7C687 /* Products */,
			);
			sourceTree = "<group>";
		};
		2ED700552AF1CF5600B7C687 /* Products */ = {
			isa = PBXGroup;
			children = (
				2ED700542AF1CF5600B7C687 /* A4.app */,
			);
			name = Products;
			sourceTree = "<group>";
		};
		ED93BEC72B1AEC5400FE9929 /* MovieOS */ = {
			isa = PBXGroup;
			children = (
				ED93BEC82B1AEC5400FE9929 /* Networking */,
				ED93BECA2B1AEC5400FE9929 /* Assets.xcassets */,
				ED93BECB2B1AEC5400FE9929 /* View Controllers */,
				ED93BECE2B1AEC5400FE9929 /* Models */,
				ED93BED02B1AEC5400FE9929 /* LaunchScreen.storyboard */,
				ED93BED22B1AEC5400FE9929 /* Extensions */,
				ED93BED52B1AEC5400FE9929 /* AppDelegate.swift */,
				ED93BED62B1AEC5400FE9929 /* Views */,
				ED93BED92B1AEC5400FE9929 /* Info.plist */,
				ED93BEDA2B1AEC5400FE9929 /* SceneDelegate.swift */,
			);
			path = MovieOS;
			sourceTree = "<group>";
		};
		ED93BEC82B1AEC5400FE9929 /* Networking */ = {
			isa = PBXGroup;
			children = (
				ED93BEC92B1AEC5400FE9929 /* Network Manager.swift */,
			);
			path = Networking;
			sourceTree = "<group>";
		};
		ED93BECB2B1AEC5400FE9929 /* View Controllers */ = {
			isa = PBXGroup;
			children = (
				ED93BECC2B1AEC5400FE9929 /* ViewController2.swift */,
				ED93BECD2B1AEC5400FE9929 /* ViewController.swift */,
			);
			path = "View Controllers";
			sourceTree = "<group>";
		};
		ED93BECE2B1AEC5400FE9929 /* Models */ = {
			isa = PBXGroup;
			children = (
				ED93BECF2B1AEC5400FE9929 /* Movie.swift */,
			);
			path = Models;
			sourceTree = "<group>";
		};
		ED93BED22B1AEC5400FE9929 /* Extensions */ = {
			isa = PBXGroup;
			children = (
				ED93BED32B1AEC5400FE9929 /* UIFont+Extension.swift */,
				ED93BED42B1AEC5400FE9929 /* UIColor+Extension.swift */,
			);
			path = Extensions;
			sourceTree = "<group>";
		};
		ED93BED62B1AEC5400FE9929 /* Views */ = {
			isa = PBXGroup;
			children = (
				ED93BED72B1AEC5400FE9929 /* FilterCollectionViewCell.swift */,
				ED93BED82B1AEC5400FE9929 /* UICollectionViewCell.swift */,
			);
			path = Views;
			sourceTree = "<group>";
		};
/* End PBXGroup section */

/* Begin PBXNativeTarget section */
		2ED700532AF1CF5600B7C687 /* A4 */ = {
			isa = PBXNativeTarget;
			buildConfigurationList = 2ED700682AF1CF5700B7C687 /* Build configuration list for PBXNativeTarget "A4" */;
			buildPhases = (
				2ED700502AF1CF5600B7C687 /* Sources */,
				2ED700512AF1CF5600B7C687 /* Frameworks */,
				2ED700522AF1CF5600B7C687 /* Resources */,
			);
			buildRules = (
			);
			dependencies = (
			);
			name = A4;
			packageProductDependencies = (
				2E07F6072AF1CFFD00395214 /* Alamofire */,
				2E07F60A2AF1D01E00395214 /* SnapKit */,
				2E07F60C2AF1D01E00395214 /* SnapKit-Dynamic */,
				2E07F60F2AF1D03B00395214 /* SDWebImage */,
				2E07F6112AF1D03B00395214 /* SDWebImageMapKit */,
			);
			productName = A4;
			productReference = 2ED700542AF1CF5600B7C687 /* A4.app */;
			productType = "com.apple.product-type.application";
		};
/* End PBXNativeTarget section */

/* Begin PBXProject section */
		2ED7004C2AF1CF5600B7C687 /* Project object */ = {
			isa = PBXProject;
			attributes = {
				BuildIndependentTargetsInParallel = 1;
				LastSwiftUpdateCheck = 1500;
				LastUpgradeCheck = 1500;
				TargetAttributes = {
					2ED700532AF1CF5600B7C687 = {
						CreatedOnToolsVersion = 15.0;
					};
				};
			};
			buildConfigurationList = 2ED7004F2AF1CF5600B7C687 /* Build configuration list for PBXProject "MovieOS" */;
			compatibilityVersion = "Xcode 12.0";
			developmentRegion = en;
			hasScannedForEncodings = 0;
			knownRegions = (
				en,
				Base,
			);
			mainGroup = 2ED7004B2AF1CF5600B7C687;
			packageReferences = (
				2E07F6062AF1CFFD00395214 /* XCRemoteSwiftPackageReference "Alamofire" */,
				2E07F6092AF1D01E00395214 /* XCRemoteSwiftPackageReference "SnapKit" */,
				2E07F60E2AF1D03B00395214 /* XCRemoteSwiftPackageReference "SDWebImage" */,
			);
			productRefGroup = 2ED700552AF1CF5600B7C687 /* Products */;
			projectDirPath = "";
			projectRoot = "";
			targets = (
				2ED700532AF1CF5600B7C687 /* A4 */,
			);
		};
/* End PBXProject section */

/* Begin PBXResourcesBuildPhase section */
		2ED700522AF1CF5600B7C687 /* Resources */ = {
			isa = PBXResourcesBuildPhase;
			buildActionMask = 2147483647;
			files = (
				ED93BEE02B1AEC5400FE9929 /* LaunchScreen.storyboard in Resources */,
				ED93BEDC2B1AEC5400FE9929 /* Assets.xcassets in Resources */,
				ED93BEE62B1AEC5400FE9929 /* Info.plist in Resources */,
			);
			runOnlyForDeploymentPostprocessing = 0;
		};
/* End PBXResourcesBuildPhase section */

/* Begin PBXSourcesBuildPhase section */
		2ED700502AF1CF5600B7C687 /* Sources */ = {
			isa = PBXSourcesBuildPhase;
			buildActionMask = 2147483647;
			files = (
				ED93BEE52B1AEC5400FE9929 /* UICollectionViewCell.swift in Sources */,
				ED93BEE42B1AEC5400FE9929 /* FilterCollectionViewCell.swift in Sources */,
				ED93BEE22B1AEC5400FE9929 /* UIColor+Extension.swift in Sources */,
				ED93BEDE2B1AEC5400FE9929 /* ViewController.swift in Sources */,
				ED93BEE72B1AEC5400FE9929 /* SceneDelegate.swift in Sources */,
				ED93BEDB2B1AEC5400FE9929 /* Network Manager.swift in Sources */,
				1BEDBE782B00CA0F001B90FB /* drafts.swift in Sources */,
				ED93BEE32B1AEC5400FE9929 /* AppDelegate.swift in Sources */,
				ED93BEDD2B1AEC5400FE9929 /* ViewController2.swift in Sources */,
				ED93BEE12B1AEC5400FE9929 /* UIFont+Extension.swift in Sources */,
				ED93BEDF2B1AEC5400FE9929 /* Movie.swift in Sources */,
			);
			runOnlyForDeploymentPostprocessing = 0;
		};
/* End PBXSourcesBuildPhase section */

/* Begin PBXVariantGroup section */
		ED93BED02B1AEC5400FE9929 /* LaunchScreen.storyboard */ = {
			isa = PBXVariantGroup;
			children = (
				ED93BED12B1AEC5400FE9929 /* Base */,
			);
			name = LaunchScreen.storyboard;
			sourceTree = "<group>";
		};
/* End PBXVariantGroup section */

/* Begin XCBuildConfiguration section */
		2ED700662AF1CF5700B7C687 /* Debug */ = {
			isa = XCBuildConfiguration;
			buildSettings = {
				ALWAYS_SEARCH_USER_PATHS = NO;
				ASSETCATALOG_COMPILER_GENERATE_SWIFT_ASSET_SYMBOL_EXTENSIONS = YES;
				CLANG_ANALYZER_NONNULL = YES;
				CLANG_ANALYZER_NUMBER_OBJECT_CONVERSION = YES_AGGRESSIVE;
				CLANG_CXX_LANGUAGE_STANDARD = "gnu++20";
				CLANG_ENABLE_MODULES = YES;
				CLANG_ENABLE_OBJC_ARC = YES;
				CLANG_ENABLE_OBJC_WEAK = YES;
				CLANG_WARN_BLOCK_CAPTURE_AUTORELEASING = YES;
				CLANG_WARN_BOOL_CONVERSION = YES;
				CLANG_WARN_COMMA = YES;
				CLANG_WARN_CONSTANT_CONVERSION = YES;
				CLANG_WARN_DEPRECATED_OBJC_IMPLEMENTATIONS = YES;
				CLANG_WARN_DIRECT_OBJC_ISA_USAGE = YES_ERROR;
				CLANG_WARN_DOCUMENTATION_COMMENTS = YES;
				CLANG_WARN_EMPTY_BODY = YES;
				CLANG_WARN_ENUM_CONVERSION = YES;
				CLANG_WARN_INFINITE_RECURSION = YES;
				CLANG_WARN_INT_CONVERSION = YES;
				CLANG_WARN_NON_LITERAL_NULL_CONVERSION = YES;
				CLANG_WARN_OBJC_IMPLICIT_RETAIN_SELF = YES;
				CLANG_WARN_OBJC_LITERAL_CONVERSION = YES;
				CLANG_WARN_OBJC_ROOT_CLASS = YES_ERROR;
				CLANG_WARN_QUOTED_INCLUDE_IN_FRAMEWORK_HEADER = YES;
				CLANG_WARN_RANGE_LOOP_ANALYSIS = YES;
				CLANG_WARN_STRICT_PROTOTYPES = YES;
				CLANG_WARN_SUSPICIOUS_MOVE = YES;
				CLANG_WARN_UNGUARDED_AVAILABILITY = YES_AGGRESSIVE;
				CLANG_WARN_UNREACHABLE_CODE = YES;
				CLANG_WARN__DUPLICATE_METHOD_MATCH = YES;
				COPY_PHASE_STRIP = NO;
				DEBUG_INFORMATION_FORMAT = dwarf;
				ENABLE_STRICT_OBJC_MSGSEND = YES;
				ENABLE_TESTABILITY = YES;
				ENABLE_USER_SCRIPT_SANDBOXING = YES;
				GCC_C_LANGUAGE_STANDARD = gnu17;
				GCC_DYNAMIC_NO_PIC = NO;
				GCC_NO_COMMON_BLOCKS = YES;
				GCC_OPTIMIZATION_LEVEL = 0;
				GCC_PREPROCESSOR_DEFINITIONS = (
					"DEBUG=1",
					"$(inherited)",
				);
				GCC_WARN_64_TO_32_BIT_CONVERSION = YES;
				GCC_WARN_ABOUT_RETURN_TYPE = YES_ERROR;
				GCC_WARN_UNDECLARED_SELECTOR = YES;
				GCC_WARN_UNINITIALIZED_AUTOS = YES_AGGRESSIVE;
				GCC_WARN_UNUSED_FUNCTION = YES;
				GCC_WARN_UNUSED_VARIABLE = YES;
				IPHONEOS_DEPLOYMENT_TARGET = 13.0;
				LOCALIZATION_PREFERS_STRING_CATALOGS = YES;
				MTL_ENABLE_DEBUG_INFO = INCLUDE_SOURCE;
				MTL_FAST_MATH = YES;
				ONLY_ACTIVE_ARCH = YES;
				SDKROOT = iphoneos;
				SWIFT_ACTIVE_COMPILATION_CONDITIONS = "DEBUG $(inherited)";
				SWIFT_OPTIMIZATION_LEVEL = "-Onone";
			};
			name = Debug;
		};
		2ED700672AF1CF5700B7C687 /* Release */ = {
			isa = XCBuildConfiguration;
			buildSettings = {
				ALWAYS_SEARCH_USER_PATHS = NO;
				ASSETCATALOG_COMPILER_GENERATE_SWIFT_ASSET_SYMBOL_EXTENSIONS = YES;
				CLANG_ANALYZER_NONNULL = YES;
				CLANG_ANALYZER_NUMBER_OBJECT_CONVERSION = YES_AGGRESSIVE;
				CLANG_CXX_LANGUAGE_STANDARD = "gnu++20";
				CLANG_ENABLE_MODULES = YES;
				CLANG_ENABLE_OBJC_ARC = YES;
				CLANG_ENABLE_OBJC_WEAK = YES;
				CLANG_WARN_BLOCK_CAPTURE_AUTORELEASING = YES;
				CLANG_WARN_BOOL_CONVERSION = YES;
				CLANG_WARN_COMMA = YES;
				CLANG_WARN_CONSTANT_CONVERSION = YES;
				CLANG_WARN_DEPRECATED_OBJC_IMPLEMENTATIONS = YES;
				CLANG_WARN_DIRECT_OBJC_ISA_USAGE = YES_ERROR;
				CLANG_WARN_DOCUMENTATION_COMMENTS = YES;
				CLANG_WARN_EMPTY_BODY = YES;
				CLANG_WARN_ENUM_CONVERSION = YES;
				CLANG_WARN_INFINITE_RECURSION = YES;
				CLANG_WARN_INT_CONVERSION = YES;
				CLANG_WARN_NON_LITERAL_NULL_CONVERSION = YES;
				CLANG_WARN_OBJC_IMPLICIT_RETAIN_SELF = YES;
				CLANG_WARN_OBJC_LITERAL_CONVERSION = YES;
				CLANG_WARN_OBJC_ROOT_CLASS = YES_ERROR;
				CLANG_WARN_QUOTED_INCLUDE_IN_FRAMEWORK_HEADER = YES;
				CLANG_WARN_RANGE_LOOP_ANALYSIS = YES;
				CLANG_WARN_STRICT_PROTOTYPES = YES;
				CLANG_WARN_SUSPICIOUS_MOVE = YES;
				CLANG_WARN_UNGUARDED_AVAILABILITY = YES_AGGRESSIVE;
				CLANG_WARN_UNREACHABLE_CODE = YES;
				CLANG_WARN__DUPLICATE_METHOD_MATCH = YES;
				COPY_PHASE_STRIP = NO;
				DEBUG_INFORMATION_FORMAT = "dwarf-with-dsym";
				ENABLE_NS_ASSERTIONS = NO;
				ENABLE_STRICT_OBJC_MSGSEND = YES;
				ENABLE_USER_SCRIPT_SANDBOXING = YES;
				GCC_C_LANGUAGE_STANDARD = gnu17;
				GCC_NO_COMMON_BLOCKS = YES;
				GCC_WARN_64_TO_32_BIT_CONVERSION = YES;
				GCC_WARN_ABOUT_RETURN_TYPE = YES_ERROR;
				GCC_WARN_UNDECLARED_SELECTOR = YES;
				GCC_WARN_UNINITIALIZED_AUTOS = YES_AGGRESSIVE;
				GCC_WARN_UNUSED_FUNCTION = YES;
				GCC_WARN_UNUSED_VARIABLE = YES;
				IPHONEOS_DEPLOYMENT_TARGET = 13.0;
				LOCALIZATION_PREFERS_STRING_CATALOGS = YES;
				MTL_ENABLE_DEBUG_INFO = NO;
				MTL_FAST_MATH = YES;
				SDKROOT = iphoneos;
				SWIFT_COMPILATION_MODE = wholemodule;
				VALIDATE_PRODUCT = YES;
			};
			name = Release;
		};
		2ED700692AF1CF5700B7C687 /* Debug */ = {
			isa = XCBuildConfiguration;
			buildSettings = {
				ASSETCATALOG_COMPILER_APPICON_NAME = AppIcon;
				ASSETCATALOG_COMPILER_GLOBAL_ACCENT_COLOR_NAME = AccentColor;
				CODE_SIGN_STYLE = Automatic;
				CURRENT_PROJECT_VERSION = 1;
				GENERATE_INFOPLIST_FILE = YES;
				INFOPLIST_FILE = A4/Info.plist;
				INFOPLIST_KEY_UIApplicationSupportsIndirectInputEvents = YES;
				INFOPLIST_KEY_UILaunchStoryboardName = LaunchScreen;
				INFOPLIST_KEY_UISupportedInterfaceOrientations_iPad = "UIInterfaceOrientationPortrait UIInterfaceOrientationPortraitUpsideDown UIInterfaceOrientationLandscapeLeft UIInterfaceOrientationLandscapeRight";
				INFOPLIST_KEY_UISupportedInterfaceOrientations_iPhone = "UIInterfaceOrientationPortrait UIInterfaceOrientationLandscapeLeft UIInterfaceOrientationLandscapeRight";
				IPHONEOS_DEPLOYMENT_TARGET = 13.0;
				LD_RUNPATH_SEARCH_PATHS = (
					"$(inherited)",
					"@executable_path/Frameworks",
				);
				MARKETING_VERSION = 1.0;
				PRODUCT_BUNDLE_IDENTIFIER = com.vinnie.A4;
				PRODUCT_NAME = "$(TARGET_NAME)";
				SWIFT_EMIT_LOC_STRINGS = YES;
				SWIFT_VERSION = 5.0;
				TARGETED_DEVICE_FAMILY = "1,2";
			};
			name = Debug;
		};
		2ED7006A2AF1CF5700B7C687 /* Release */ = {
			isa = XCBuildConfiguration;
			buildSettings = {
				ASSETCATALOG_COMPILER_APPICON_NAME = AppIcon;
				ASSETCATALOG_COMPILER_GLOBAL_ACCENT_COLOR_NAME = AccentColor;
				CODE_SIGN_STYLE = Automatic;
				CURRENT_PROJECT_VERSION = 1;
				GENERATE_INFOPLIST_FILE = YES;
				INFOPLIST_FILE = A4/Info.plist;
				INFOPLIST_KEY_UIApplicationSupportsIndirectInputEvents = YES;
				INFOPLIST_KEY_UILaunchStoryboardName = LaunchScreen;
				INFOPLIST_KEY_UISupportedInterfaceOrientations_iPad = "UIInterfaceOrientationPortrait UIInterfaceOrientationPortraitUpsideDown UIInterfaceOrientationLandscapeLeft UIInterfaceOrientationLandscapeRight";
				INFOPLIST_KEY_UISupportedInterfaceOrientations_iPhone = "UIInterfaceOrientationPortrait UIInterfaceOrientationLandscapeLeft UIInterfaceOrientationLandscapeRight";
				IPHONEOS_DEPLOYMENT_TARGET = 13.0;
				LD_RUNPATH_SEARCH_PATHS = (
					"$(inherited)",
					"@executable_path/Frameworks",
				);
				MARKETING_VERSION = 1.0;
				PRODUCT_BUNDLE_IDENTIFIER = com.vinnie.A4;
				PRODUCT_NAME = "$(TARGET_NAME)";
				SWIFT_EMIT_LOC_STRINGS = YES;
				SWIFT_VERSION = 5.0;
				TARGETED_DEVICE_FAMILY = "1,2";
			};
			name = Release;
		};
/* End XCBuildConfiguration section */

/* Begin XCConfigurationList section */
		2ED7004F2AF1CF5600B7C687 /* Build configuration list for PBXProject "MovieOS" */ = {
			isa = XCConfigurationList;
			buildConfigurations = (
				2ED700662AF1CF5700B7C687 /* Debug */,
				2ED700672AF1CF5700B7C687 /* Release */,
			);
			defaultConfigurationIsVisible = 0;
			defaultConfigurationName = Release;
		};
		2ED700682AF1CF5700B7C687 /* Build configuration list for PBXNativeTarget "A4" */ = {
			isa = XCConfigurationList;
			buildConfigurations = (
				2ED700692AF1CF5700B7C687 /* Debug */,
				2ED7006A2AF1CF5700B7C687 /* Release */,
			);
			defaultConfigurationIsVisible = 0;
			defaultConfigurationName = Release;
		};
/* End XCConfigurationList section */

/* Begin XCRemoteSwiftPackageReference section */
		2E07F6062AF1CFFD00395214 /* XCRemoteSwiftPackageReference "Alamofire" */ = {
			isa = XCRemoteSwiftPackageReference;
			repositoryURL = "https://github.com/Alamofire/Alamofire";
			requirement = {
				kind = upToNextMajorVersion;
				minimumVersion = 5.8.1;
			};
		};
		2E07F6092AF1D01E00395214 /* XCRemoteSwiftPackageReference "SnapKit" */ = {
			isa = XCRemoteSwiftPackageReference;
			repositoryURL = "https://github.com/SnapKit/SnapKit";
			requirement = {
				kind = upToNextMajorVersion;
				minimumVersion = 5.6.0;
			};
		};
		2E07F60E2AF1D03B00395214 /* XCRemoteSwiftPackageReference "SDWebImage" */ = {
			isa = XCRemoteSwiftPackageReference;
			repositoryURL = "https://github.com/SDWebImage/SDWebImage";
			requirement = {
				kind = upToNextMajorVersion;
				minimumVersion = 5.18.4;
			};
		};
/* End XCRemoteSwiftPackageReference section */

/* Begin XCSwiftPackageProductDependency section */
		2E07F6072AF1CFFD00395214 /* Alamofire */ = {
			isa = XCSwiftPackageProductDependency;
			package = 2E07F6062AF1CFFD00395214 /* XCRemoteSwiftPackageReference "Alamofire" */;
			productName = Alamofire;
		};
		2E07F60A2AF1D01E00395214 /* SnapKit */ = {
			isa = XCSwiftPackageProductDependency;
			package = 2E07F6092AF1D01E00395214 /* XCRemoteSwiftPackageReference "SnapKit" */;
			productName = SnapKit;
		};
		2E07F60C2AF1D01E00395214 /* SnapKit-Dynamic */ = {
			isa = XCSwiftPackageProductDependency;
			package = 2E07F6092AF1D01E00395214 /* XCRemoteSwiftPackageReference "SnapKit" */;
			productName = "SnapKit-Dynamic";
		};
		2E07F60F2AF1D03B00395214 /* SDWebImage */ = {
			isa = XCSwiftPackageProductDependency;
			package = 2E07F60E2AF1D03B00395214 /* XCRemoteSwiftPackageReference "SDWebImage" */;
			productName = SDWebImage;
		};
		2E07F6112AF1D03B00395214 /* SDWebImageMapKit */ = {
			isa = XCSwiftPackageProductDependency;
			package = 2E07F60E2AF1D03B00395214 /* XCRemoteSwiftPackageReference "SDWebImage" */;
			productName = SDWebImageMapKit;
		};
/* End XCSwiftPackageProductDependency section */
	};
	rootObject = 2ED7004C2AF1CF5600B7C687 /* Project object */;
}
